#MicroXplorer Configuration settings - do not modify
Mcu.Family=STM32L5
ProjectManager.MainLocation=Core/Src
PB10.PinState=GPIO_PIN_SET
PB13.GPIOParameters=PinState,GPIO_Label,PinAttribute
NVIC1.BFHFNMINS=0
PA6.Mode=Full_Duplex_Master
RCC.USART1Freq_Value=100000000
RCC.OCTOSPIMFreq_Value=100000000
RCC.SAI1Freq_Value=9142857.142857144
USART2.IPParameters=VirtualMode-Asynchronous
RCC.CortexFreq_Value=100000000
PB10.PinAttribute=CortexM33NS
CortexM33NS.Pins=PA4,PB0,PB1,PB10,PB11,PB13,PB14,PB15,PB4 (NJTRST)
ProjectManager.KeepUserCode=true
Mcu.UserName=STM32L552CETx
SPI1.VirtualType=VM_MASTER
PB15.ContextOwner=CortexM33NS
PH0-OSC_IN\ (PH0).PinAttribute=CortexM33S
NVIC2.SysTick_IRQn=true\:0\:0\:false\:false\:true\:false\:true
PH0-OSC_IN\ (PH0).Signal=RCC_OSC_IN
PB14.GPIO_Label=DSR_IN
VP_IWDG_VS_IWDG.Mode=IWDG_Activate
RCC.PLLSAI1RoutputFreq_Value=32000000
NVIC2.BFHFNMINS=0
PA12.GPIOParameters=PinAttribute
ProjectManager.functionlistsort=1-MX_GPIO_Init-GPIO-false-HAL-true-CortexM33S,2-SystemClock_Config-RCC-false-HAL-false-CortexM33S,3-MX_GTZC_S_Init-GTZC_S-false-HAL-true-CortexM33S,4-MX_USART2_UART_Init-USART2-false-HAL-true-CortexM33S,1-MX_GPIO_Init-GPIO-false-HAL-true-CortexM33NS,2-SystemClock_Config-RCC-false-HAL-false-CortexM33NS,3-MX_SPI1_Init-SPI1-false-HAL-true-CortexM33NS,4-MX_USART1_UART_Init-USART1-false-HAL-true-CortexM33NS,5-MX_TIM2_Init-TIM2-false-HAL-true-CortexM33NS,6-MX_RNG_Init-RNG-false-HAL-true-CortexM33NS,7-MX_IWDG_Init-IWDG-false-HAL-true-CortexM33NS,0-MX_PWR_Init-PWR-false-HAL-true-CortexM33S,0-MX_PWR_Init-PWR-false-HAL-true-CortexM33NS
PA9.GPIOParameters=PinAttribute
PA6.PinAttribute=CortexM33NS
PA11.GPIOParameters=PinAttribute
PA11.Mode=CTS_RTS
PA3.GPIOParameters=PinAttribute
PA5.PinAttribute=CortexM33NS
PB0.GPIO_Label=W5100S_INT
RCC.USART2Freq_Value=100000000
PB4\ (NJTRST).ContextOwner=CortexM33NS
USART1.IPParameters=VirtualMode-Asynchronous
PB13.GPIO_Label=STATUS_OUT
PB11.Signal=GPIO_Output
PB3\ (JTDO/TRACESWO).GPIOParameters=GPIO_PuPd,GPIO_Label,PinAttribute
PB13.Signal=GPIO_Output
PB15.Signal=GPIO_Output
PA2.GPIOParameters=PinAttribute
PinOutPanel.RotationAngle=0
RCC.MCO1PinFreq_Value=100000000
RCC.SYSCLKSource=RCC_SYSCLKSOURCE_PLLCLK
ProjectManager.StackSize=0xB00
RCC.VCOInput3Freq_Value=4000000
RCC.I2C3Freq_Value=100000000
RCC.LPTIM1Freq_Value=100000000
Mcu.IP4=PWR
NVIC1.PendSV_IRQn=true\:0\:0\:false\:false\:true\:false\:false
Mcu.IP5=RCC
RCC.FCLKCortexFreq_Value=100000000
VP_SYS_S_VS_Systick.Mode=SysTick
Mcu.IP2=NVIC2
PB11.PinAttribute=CortexM33NS
Mcu.IP3=NVIC1
Mcu.IP0=GTZC_S
PA12.Locked=true
Mcu.IP1=IWDG
NVIC2.PendSV_IRQn=true\:0\:0\:false\:false\:true\:false\:false
PA12.Signal=USART1_RTS
Mcu.UserConstants=
RCC.VCOSAI1OutputFreq_Value=64000000
PB4\ (NJTRST).GPIO_ModeDefaultEXTI=GPIO_MODE_IT_FALLING
NVIC1.SysTick_IRQn=true\:0\:0\:false\:false\:true\:false\:true
Mcu.ThirdPartyNb=0
SPI1.Direction=SPI_DIRECTION_2LINES
PA10.PinAttribute=CortexM33NS
RCC.HCLKFreq_Value=100000000
RCC.I2C4Freq_Value=100000000
Mcu.IPNb=13
TIM2.IPParameters=Prescaler,Period,AutoReloadPreload
ProjectManager.PreviousToolchain=
RCC.APB2TimFreq_Value=100000000
SPI1.CalculateBaudRate=3.125 MBits/s
Mcu.Pin6=PA6
RCC.SAI2Freq_Value=9142857.142857144
Mcu.Pin7=PA7
VP_TIM2_VS_ClockSourceINT.Signal=TIM2_VS_ClockSourceINT
Mcu.Pin8=PB0
Mcu.Pin9=PB1
PA4.ContextOwner=CortexM33NS
RCC.AHBFreq_Value=100000000
PB13.Locked=true
Mcu.Pin0=PH0-OSC_IN (PH0)
Mcu.Pin1=PH1-OSC_OUT (PH1)
GPIO.groupedBy=Group By Peripherals
Mcu.Pin2=PA2
NVIC2.UsageFault_IRQn=true\:0\:0\:false\:false\:true\:false\:false
Mcu.Pin3=PA3
RCC.USART3Freq_Value=100000000
Mcu.Pin4=PA4
PB0.PinAttribute=CortexM33NS
Mcu.Pin5=PA5
ProjectManager.ProjectBuild=false
PH1-OSC_OUT\ (PH1).Mode=HSE-External-Oscillator
RCC.HSE_VALUE=12000000
PA4.Locked=true
Mcu.ContextProject=TrustZoneEnabled
Mcu.IP10=TIM2
USART2.VirtualMode-Asynchronous=VM_ASYNC
Mcu.IP12=USART2
Mcu.IP11=USART1
ProjectManager.FirmwarePackage=STM32Cube FW_L5 V1.4.0
MxDb.Version=DB.6.0.20
PB0.GPIOParameters=GPIO_Label,PinAttribute
NVIC1.PRIS=0
NVIC2.PriorityGroup=NVIC_PRIORITYGROUP_3
ProjectManager.BackupPrevious=false
RCC.VCOInputFreq_Value=4000000
NVIC1.DebugMonitor_IRQn=true\:0\:0\:false\:false\:true\:false\:false
PB1.GPIO_Label=W5100S_RST
SPI1.DataSize=SPI_DATASIZE_8BIT
File.Version=6
NVIC2.USART1_IRQn=true\:0\:0\:false\:false\:true\:true\:true
NVIC2.PRIS=0
RCC.PLLRCLKFreq_Value=100000000
NVIC1.MemoryManagement_IRQn=true\:0\:0\:false\:false\:true\:false\:false
PA3.PinAttribute=CortexM33S
ProjectManager.HalAssertFull=false
PB0.Locked=true
RCC.CRSFreq_Value=48000000
ProjectManager.ProjectName=WIZ510SSL
PB3\ (JTDO/TRACESWO).GPIO_PuPd=GPIO_PULLUP
NVIC2.EXTI4_IRQn=true\:0\:0\:false\:false\:true\:true\:true
PA7.PinAttribute=CortexM33NS
PB4\ (NJTRST).Locked=true
Mcu.Package=LQFP48
TIM2.Prescaler=100
PB1.Signal=GPIO_Output
PA6.Signal=SPI1_MISO
PA7.Locked=true
PA5.Locked=true
PB15.PinAttribute=CortexM33NS
ProjectManager.ToolChainLocation=
RCC.LSI_VALUE=32000
VP_SYS_VS_Systick.Signal=SYS_VS_Systick
RCC.LSCOPinFreq_Value=32000
PA10.Signal=USART1_RX
PB11.PinState=GPIO_PIN_SET
RCC.DFSDMFreq_Value=100000000
PA5.GPIOParameters=PinAttribute
PB14.GPIOParameters=GPIO_Label,PinAttribute
VP_PWR_VS_DBSignals.Mode=DisableDeadBatterySignals
VP_PWR_VS_DBSignals.Signal=PWR_VS_DBSignals
Mcu.Context0=CortexM33S
Mcu.Context1=CortexM33NS
RCC.PLLPoutputFreq_Value=28571428.57142857
RCC.APB1TimFreq_Value=100000000
RCC.LPUART1Freq_Value=100000000
PB10.GPIOParameters=PinState,GPIO_Label,PinAttribute
SPI1.BaudRatePrescaler=SPI_BAUDRATEPRESCALER_32
PH0-OSC_IN\ (PH0).Mode=HSE-External-Oscillator
PA4.GPIO_Label=SPI1_CS
ProjectManager.CustomerFirmwarePackage=
RCC.HSI48_VALUE=48000000
PB15.Locked=true
RCC.PLLSAI1N=16
PA3.Signal=USART2_RX
PH1-OSC_OUT\ (PH1).PinAttribute=CortexM33S
PA5.Mode=Full_Duplex_Master
PA2.Locked=true
NVIC2.TIM2_IRQn=true\:0\:0\:false\:false\:true\:true\:true
PA6.GPIOParameters=PinAttribute
PB14.PinAttribute=CortexM33NS
PB3\ (JTDO/TRACESWO).GPIO_Label=PREV_BANK
RCC.MSI_VALUE=4000000
RCC.PLLSourceVirtual=RCC_PLLSOURCE_HSE
NVIC1.HardFault_IRQn=true\:0\:0\:false\:false\:true\:false\:false
RCC.PLLQoutputFreq_Value=100000000
ProjectManager.ProjectFileName=WIZ510SSL.ioc
PA7.Mode=Full_Duplex_Master
PB0.ContextOwner=CortexM33NS
PA10.Mode=Asynchronous
Mcu.PinsNb=28
ProjectManager.NoMain=false
SPI1.IPParameters=VirtualType,Mode,Direction,BaudRatePrescaler,CalculateBaudRate,DataSize,NSSPMode
NVIC1.SecureFault_IRQn=true\:0\:0\:false\:false\:true\:false\:false
PB11.GPIO_Label=STATUS_LED1
CortexM33S.IPs=DMA\:I,GTZC_S\:I,NVIC1\:I,PWR\:I,RCC\:I,RTC\:I,SYS_S\:I,TAMP\:I,USART2\:I
NVIC1.PriorityGroup=NVIC_PRIORITYGROUP_3
VP_SYS_S_VS_Systick.Signal=SYS_S_VS_Systick
ProjectManager.DefaultFWLocation=true
ProjectManager.DeletePrevious=true
PB14.Locked=true
VP_RNG_VS_RNG.Mode=RNG_Activate
PB10.Locked=true
RCC.VCOSAI2OutputFreq_Value=32000000
PA9.PinAttribute=CortexM33NS
RCC.FamilyName=M
PH1-OSC_OUT\ (PH1).Signal=RCC_OSC_OUT
RCC.SecureElements=USART2Mult
PB13.PinAttribute=CortexM33NS
SYS.userName=SYS_NS
USART1.VirtualMode-Asynchronous=VM_ASYNC
PA3.Mode=Asynchronous
PB4\ (NJTRST).PinAttribute=CortexM33NS
VP_GTZC_S_VS_GTZC_Enable.Mode=GTZC_Enable
PB4\ (NJTRST).GPIOParameters=GPIO_PuPd,GPIO_Label,GPIO_ModeDefaultEXTI,PinAttribute
PA11.Locked=true
PA9.Mode=Asynchronous
PA12.PinAttribute=CortexM33NS
NVIC1.SVCall_IRQn=true\:0\:0\:false\:false\:true\:false\:false
PH1-OSC_OUT\ (PH1).GPIOParameters=PinAttribute
NVIC1.NonMaskableInt_IRQn=true\:0\:0\:false\:false\:true\:false\:false
PB3\ (JTDO/TRACESWO).Locked=true
PA2.PinAttribute=CortexM33S
PB3\ (JTDO/TRACESWO).Signal=GPIO_Input
ProjectManager.TargetToolchain=STM32CubeIDE
PB10.GPIO_Label=STATUS_LED0
VP_RNG_VS_RNG.Signal=RNG_VS_RNG
NVIC2.ForceEnableDMAVector=true
NVIC2.SVCall_IRQn=true\:0\:0\:false\:false\:true\:false\:false
PA9.Signal=USART1_TX
NVIC1.ForceEnableDMAVector=true
PB11.GPIOParameters=PinState,GPIO_Label,PinAttribute
CortexM33NS.IPs=DMA,FREERTOS\:I,NVIC2\:I,PWR,RCC,RTC,SYS\:I,TAMP,SPI1\:I,USART1\:I,TIM2\:I,RNG\:I,IWDG\:I,GTZC_NS\:I
ProjectManager.RegisterCallBack=
RCC.USBFreq_Value=32000000
PB11.ContextOwner=CortexM33NS
RCC.LSE_VALUE=32768
RCC.PLLSAI1PoutputFreq_Value=9142857.142857144
PB1.Locked=true
PB10.Signal=GPIO_Output
PB14.Signal=GPIO_Input
PA5.Signal=SPI1_SCK
PH1-OSC_OUT\ (PH1).Locked=true
board=custom
RCC.VCOOutputFreq_Value=200000000
ProjectManager.LastFirmware=true
VP_GTZC_S_VS_GTZC_Enable.Signal=GTZC_S_VS_GTZC_Enable
PB1.PinAttribute=CortexM33NS
RCC.LPTIM3Freq_Value=100000000
RCC.APB2Freq_Value=100000000
RCC.UART4Freq_Value=100000000
PB13.PinState=GPIO_PIN_SET
NVIC1.UsageFault_IRQn=true\:0\:0\:false\:false\:true\:false\:false
MxCube.Version=6.2.0
PB15.GPIO_Label=DTR_OUT
PA11.PinAttribute=CortexM33NS
VP_TIM2_VS_ClockSourceINT.Mode=Internal
RCC.I2C1Freq_Value=100000000
CortexM33S.Pins=PB3 (JTDO/TRACESWO)
SPI1.Mode=SPI_MODE_MASTER
RCC.FDCANFreq_Value=100000000
PB13.ContextOwner=CortexM33NS
RCC.RNGFreq_Value=32000000
RCC.PLLSAI1QoutputFreq_Value=32000000
RCC.ADCFreq_Value=32000000
PA10.GPIOParameters=PinAttribute
VP_SYS_VS_Systick.Mode=SysTick
GTZC_S.IPParameters=USART2_Secure
PA9.Locked=true
PA4.GPIOParameters=GPIO_Label,PinAttribute
TIM2.Period=999
PB15.GPIOParameters=GPIO_Label,PinAttribute
ProjectManager.FreePins=false
RCC.IPParameters=ADCFreq_Value,AHBFreq_Value,APB1Freq_Value,APB1TimFreq_Value,APB2Freq_Value,APB2TimFreq_Value,CRSFreq_Value,CortexFreq_Value,DFSDMFreq_Value,FCLKCortexFreq_Value,FDCANFreq_Value,FamilyName,HCLKFreq_Value,HSE_VALUE,HSI48_VALUE,HSI_VALUE,I2C1Freq_Value,I2C2Freq_Value,I2C3Freq_Value,I2C4Freq_Value,LPTIM1Freq_Value,LPTIM2Freq_Value,LPTIM3Freq_Value,LPUART1Freq_Value,LSCOPinFreq_Value,LSE_VALUE,LSI_VALUE,MCO1PinFreq_Value,MSI_VALUE,OCTOSPIMFreq_Value,PLLM,PLLN,PLLPoutputFreq_Value,PLLQoutputFreq_Value,PLLRCLKFreq_Value,PLLSAI1N,PLLSAI1PoutputFreq_Value,PLLSAI1QoutputFreq_Value,PLLSAI1RoutputFreq_Value,PLLSAI2PoutputFreq_Value,PLLSourceVirtual,PWRFreq_Value,RNGFreq_Value,SAI1Freq_Value,SAI2Freq_Value,SYSCLKFreq_VALUE,SYSCLKSource,UART4Freq_Value,USART1Freq_Value,USART2Freq_Value,USART3Freq_Value,USBFreq_Value,VCOInput2Freq_Value,VCOInput3Freq_Value,VCOInputFreq_Value,VCOOutputFreq_Value,VCOSAI1OutputFreq_Value,VCOSAI2OutputFreq_Value
IWDG.IPParameters=Prescaler,Window
ProjectManager.AskForMigrate=true
Mcu.Name=STM32L552C(C-E)Tx
RCC.LPTIM2Freq_Value=100000000
PA4.PinAttribute=CortexM33NS
Mcu.Pin26=VP_SYS_S_VS_Systick
PB3\ (JTDO/TRACESWO).PinAttribute=CortexM33S
Mcu.Pin27=VP_TIM2_VS_ClockSourceINT
SPI1.NSSPMode=SPI_NSS_PULSE_DISABLE
PA2.Signal=USART2_TX
Mcu.Pin24=VP_RNG_VS_RNG
ProjectManager.UnderRoot=true
Mcu.Pin25=VP_SYS_VS_Systick
Mcu.IP8=SYS
Mcu.IP9=SYS_S
Mcu.IP6=RNG
Mcu.IP7=SPI1
ProjectManager.CoupleFile=false
PA4.Signal=GPIO_Output
RCC.SYSCLKFreq_VALUE=100000000
Mcu.Pin22=VP_IWDG_VS_IWDG
Mcu.Pin23=VP_PWR_VS_DBSignals
Mcu.Pin20=PB4 (NJTRST)
PA3.Locked=true
Mcu.Pin21=VP_GTZC_S_VS_GTZC_Enable
PA12.Mode=CTS_RTS
SH.GPXTI4.0=GPIO_EXTI4
PA10.Locked=true
RCC.PLLSAI2PoutputFreq_Value=4571428.571428572
KeepUserPlacement=false
ProjectManager.CompilerOptimize=6
PA11.Signal=USART1_CTS
VP_IWDG_VS_IWDG.Signal=IWDG_VS_IWDG
ProjectManager.HeapSize=0xF000
PB1.ContextOwner=CortexM33NS
Mcu.Pin15=PA9
Mcu.Pin16=PA10
NVIC2.MemoryManagement_IRQn=true\:0\:0\:false\:false\:true\:false\:false
Mcu.Pin13=PB14
SH.GPXTI4.ConfNb=1
Mcu.Pin14=PB15
Mcu.Pin19=PB3 (JTDO/TRACESWO)
ProjectManager.ComputerToolchain=false
Mcu.Pin17=PA11
RCC.HSI_VALUE=16000000
Mcu.Pin18=PA12
PB3\ (JTDO/TRACESWO).ContextOwner=CortexM33S
PB14.ContextOwner=CortexM33NS
Mcu.Pin11=PB11
Mcu.Pin12=PB13
RCC.PLLM=3
RCC.PLLN=50
Mcu.Pin10=PB10
IWDG.Prescaler=IWDG_PRESCALER_128
PA2.Mode=Asynchronous
TIM2.AutoReloadPreload=TIM_AUTORELOAD_PRELOAD_ENABLE
RCC.PWRFreq_Value=100000000
PB4\ (NJTRST).GPIO_Label=FAC_RESET
RCC.I2C2Freq_Value=100000000
RCC.VCOInput2Freq_Value=4000000
PB10.ContextOwner=CortexM33NS
RCC.APB1Freq_Value=100000000
NVIC1.BusFault_IRQn=true\:0\:0\:false\:false\:true\:false\:false
PB0.Signal=GPIO_Input
IWDG.Window=4095
Mcu.ContextNb=2
PB4\ (NJTRST).GPIO_PuPd=GPIO_PULLUP
PA7.GPIOParameters=PinAttribute
PB11.Locked=true
ProjectManager.DeviceId=STM32L552CETx
ProjectManager.LibraryCopy=1
PB1.GPIOParameters=GPIO_Label,PinAttribute
PH0-OSC_IN\ (PH0).GPIOParameters=PinAttribute
PA7.Signal=SPI1_MOSI
GTZC_S.USART2_Secure=GTZC_TZSC_PERIPH_SEC
PB4\ (NJTRST).Signal=GPXTI4
PA6.Locked=true
NVIC1.GTZC_IRQn=true\:0\:0\:false\:false\:true\:true\:true
isbadioc=false
